
Microsoft Visual Studio Solution File, Format Version 12.00
# Visual Studio Version 17
VisualStudioVersion = 17.8.34330.188
MinimumVisualStudioVersion = 10.0.40219.1
Project("{FAE04EC0-301F-11D3-BF4B-00C04F79EFBC}") = "NextEditor", "NextEditor\NextEditor.csproj", "{CEF2A901-4B77-4D7A-BB8B-1AFEE357E616}"
EndProject
Global
	GlobalSection(SolutionConfigurationPlatforms) = preSolution
		Debug|Any CPU = Debug|Any CPU
		Release|Any CPU = Release|Any CPU
	EndGlobalSection
	GlobalSection(ProjectConfigurationPlatforms) = postSolution
		{CEF2A901-4B77-4D7A-BB8B-1AFEE357E616}.Debug|Any CPU.ActiveCfg = Debug|Any CPU
		{CEF2A901-4B77-4D7A-BB8B-1AFEE357E616}.Debug|Any CPU.Build.0 = Debug|Any CPU
		{CEF2A901-4B77-4D7A-BB8B-1AFEE357E616}.Release|Any CPU.ActiveCfg = Release|Any CPU
		{CEF2A901-4B77-4D7A-BB8B-1AFEE357E616}.Release|Any CPU.Build.0 = Release|Any CPU
	EndGlobalSection
	GlobalSection(SolutionProperties) = preSolution
		HideSolutionNode = FALSE
	EndGlobalSection
	GlobalSection(ExtensibilityGlobals) = postSolution
		SolutionGuid = {97A7AA58-D6D3-47FF-B600-6A3F9B24DC21}
	EndGlobalSection
EndGlobal
